
Microsoft Visual Studio Solution File, Format Version 12.00
# Visual Studio 15
Project("{FAE04EC0-301F-11D3-BF4B-00C04F79EFBC}") = "BuildTest_2", "BuildTest_2.csproj", "{43C3CEC9-9ED6-FBD0-2160-B4AA8A10A674}"
EndProject
Project("{FAE04EC0-301F-11D3-BF4B-00C04F79EFBC}") = "BuildTest_2.Editor", "BuildTest_2.Editor.csproj", "{E1374C17-E6A0-1C3F-2135-315630A597A6}"
EndProject
Global
	GlobalSection(SolutionConfigurationPlatforms) = preSolution
		Debug|Any CPU = Debug|Any CPU
		Release|Any CPU = Release|Any CPU
	EndGlobalSection
	GlobalSection(ProjectConfigurationPlatforms) = postSolution
		{43C3CEC9-9ED6-FBD0-2160-B4AA8A10A674}.Debug|Any CPU.ActiveCfg = Debug|Any CPU
		{43C3CEC9-9ED6-FBD0-2160-B4AA8A10A674}.Debug|Any CPU.Build.0 = Debug|Any CPU
		{43C3CEC9-9ED6-FBD0-2160-B4AA8A10A674}.Release|Any CPU.ActiveCfg = Release|Any CPU
		{43C3CEC9-9ED6-FBD0-2160-B4AA8A10A674}.Release|Any CPU.Build.0 = Release|Any CPU
		{E1374C17-E6A0-1C3F-2135-315630A597A6}.Debug|Any CPU.ActiveCfg = Debug|Any CPU
		{E1374C17-E6A0-1C3F-2135-315630A597A6}.Debug|Any CPU.Build.0 = Debug|Any CPU
		{E1374C17-E6A0-1C3F-2135-315630A597A6}.Release|Any CPU.ActiveCfg = Release|Any CPU
		{E1374C17-E6A0-1C3F-2135-315630A597A6}.Release|Any CPU.Build.0 = Release|Any CPU
	EndGlobalSection
	GlobalSection(SolutionProperties) = preSolution
		HideSolutionNode = FALSE
	EndGlobalSection
EndGlobal
